
Microsoft Visual Studio Solution File, Format Version 12.00
# Visual Studio Version 17
VisualStudioVersion = 17.5.33530.505
MinimumVisualStudioVersion = 10.0.40219.1
Project("{9A19103F-16F7-4668-BE54-9A1E7A4F7556}") = "PP_LABO2_05102023", "PP_LABO2_05102023\PP_LABO2_05102023.csproj", "{2AD600FA-4EBD-4A6F-95A5-8D71CC29BAAA}"
EndProject
Project("{9A19103F-16F7-4668-BE54-9A1E7A4F7556}") = "MiCalculadora", "MiCalculadora\MiCalculadora.csproj", "{0862A952-A9D6-408F-8B23-E2F9EF5BE165}"
EndProject
Global
	GlobalSection(SolutionConfigurationPlatforms) = preSolution
		Debug|Any CPU = Debug|Any CPU
		Release|Any CPU = Release|Any CPU
	EndGlobalSection
	GlobalSection(ProjectConfigurationPlatforms) = postSolution
		{2AD600FA-4EBD-4A6F-95A5-8D71CC29BAAA}.Debug|Any CPU.ActiveCfg = Debug|Any CPU
		{2AD600FA-4EBD-4A6F-95A5-8D71CC29BAAA}.Debug|Any CPU.Build.0 = Debug|Any CPU
		{2AD600FA-4EBD-4A6F-95A5-8D71CC29BAAA}.Release|Any CPU.ActiveCfg = Release|Any CPU
		{2AD600FA-4EBD-4A6F-95A5-8D71CC29BAAA}.Release|Any CPU.Build.0 = Release|Any CPU
		{0862A952-A9D6-408F-8B23-E2F9EF5BE165}.Debug|Any CPU.ActiveCfg = Debug|Any CPU
		{0862A952-A9D6-408F-8B23-E2F9EF5BE165}.Debug|Any CPU.Build.0 = Debug|Any CPU
		{0862A952-A9D6-408F-8B23-E2F9EF5BE165}.Release|Any CPU.ActiveCfg = Release|Any CPU
		{0862A952-A9D6-408F-8B23-E2F9EF5BE165}.Release|Any CPU.Build.0 = Release|Any CPU
	EndGlobalSection
	GlobalSection(SolutionProperties) = preSolution
		HideSolutionNode = FALSE
	EndGlobalSection
	GlobalSection(ExtensibilityGlobals) = postSolution
		SolutionGuid = {CA437BC5-DCDE-4B9B-BC15-9063BCC12AC5}
	EndGlobalSection
EndGlobal
